
Microsoft Visual Studio Solution File, Format Version 12.00
# Visual Studio 15
VisualStudioVersion = 15.0.27703.2018
MinimumVisualStudioVersion = 10.0.40219.1
Project("{8BC9CEB8-8B4A-11D0-8D11-00A0C91BC942}") = "Milestone-03", "Milestone-03\Milestone-03.vcxproj", "{40E20DE6-AADC-492A-A5F5-974D177F794E}"
EndProject
Global
	GlobalSection(SolutionConfigurationPlatforms) = preSolution
		Debug|x64 = Debug|x64
		Debug|x86 = Debug|x86
		Release|x64 = Release|x64
		Release|x86 = Release|x86
	EndGlobalSection
	GlobalSection(ProjectConfigurationPlatforms) = postSolution
		{40E20DE6-AADC-492A-A5F5-974D177F794E}.Debug|x64.ActiveCfg = Debug|x64
		{40E20DE6-AADC-492A-A5F5-974D177F794E}.Debug|x64.Build.0 = Debug|x64
		{40E20DE6-AADC-492A-A5F5-974D177F794E}.Debug|x86.ActiveCfg = Debug|Win32
		{40E20DE6-AADC-492A-A5F5-974D177F794E}.Debug|x86.Build.0 = Debug|Win32
		{40E20DE6-AADC-492A-A5F5-974D177F794E}.Release|x64.ActiveCfg = Release|x64
		{40E20DE6-AADC-492A-A5F5-974D177F794E}.Release|x64.Build.0 = Release|x64
		{40E20DE6-AADC-492A-A5F5-974D177F794E}.Release|x86.ActiveCfg = Release|Win32
		{40E20DE6-AADC-492A-A5F5-974D177F794E}.Release|x86.Build.0 = Release|Win32
	EndGlobalSection
	GlobalSection(SolutionProperties) = preSolution
		HideSolutionNode = FALSE
	EndGlobalSection
	GlobalSection(ExtensibilityGlobals) = postSolution
		SolutionGuid = {63217408-A81B-41DA-9639-31E6045148B2}
	EndGlobalSection
EndGlobal
